
Microsoft Visual Studio Solution File, Format Version 12.00
# Visual Studio Version 17
VisualStudioVersion = 17.6.33815.320
MinimumVisualStudioVersion = 10.0.40219.1
Project("{FAE04EC0-301F-11D3-BF4B-00C04F79EFBC}") = "NetExpert", "NetExpert\NetExpert.csproj", "{387AC645-A957-4705-B2BC-989617F23A9F}"
EndProject
Global
	GlobalSection(SolutionConfigurationPlatforms) = preSolution
		Debug|Any CPU = Debug|Any CPU
		Release|Any CPU = Release|Any CPU
	EndGlobalSection
	GlobalSection(ProjectConfigurationPlatforms) = postSolution
		{387AC645-A957-4705-B2BC-989617F23A9F}.Debug|Any CPU.ActiveCfg = Debug|Any CPU
		{387AC645-A957-4705-B2BC-989617F23A9F}.Debug|Any CPU.Build.0 = Debug|Any CPU
		{387AC645-A957-4705-B2BC-989617F23A9F}.Release|Any CPU.ActiveCfg = Release|Any CPU
		{387AC645-A957-4705-B2BC-989617F23A9F}.Release|Any CPU.Build.0 = Release|Any CPU
	EndGlobalSection
	GlobalSection(SolutionProperties) = preSolution
		HideSolutionNode = FALSE
	EndGlobalSection
	GlobalSection(ExtensibilityGlobals) = postSolution
		SolutionGuid = {0876232D-E4F4-464C-80AA-84D7A09447A4}
	EndGlobalSection
EndGlobal
