
Microsoft Visual Studio Solution File, Format Version 12.00
# Visual Studio Version 17
VisualStudioVersion = 17.6.33815.320
MinimumVisualStudioVersion = 10.0.40219.1
Project("{FAE04EC0-301F-11D3-BF4B-00C04F79EFBC}") = "EmployeeApp", "EmployeeApp\EmployeeApp.csproj", "{480AE734-B28A-4431-994E-F3FBA555A69D}"
EndProject
Global
	GlobalSection(SolutionConfigurationPlatforms) = preSolution
		Debug|Any CPU = Debug|Any CPU
		Release|Any CPU = Release|Any CPU
	EndGlobalSection
	GlobalSection(ProjectConfigurationPlatforms) = postSolution
		{480AE734-B28A-4431-994E-F3FBA555A69D}.Debug|Any CPU.ActiveCfg = Debug|Any CPU
		{480AE734-B28A-4431-994E-F3FBA555A69D}.Debug|Any CPU.Build.0 = Debug|Any CPU
		{480AE734-B28A-4431-994E-F3FBA555A69D}.Release|Any CPU.ActiveCfg = Release|Any CPU
		{480AE734-B28A-4431-994E-F3FBA555A69D}.Release|Any CPU.Build.0 = Release|Any CPU
	EndGlobalSection
	GlobalSection(SolutionProperties) = preSolution
		HideSolutionNode = FALSE
	EndGlobalSection
	GlobalSection(ExtensibilityGlobals) = postSolution
		SolutionGuid = {1FDEB141-7D6D-49E9-8B9B-9A5348511B92}
	EndGlobalSection
EndGlobal
