
Microsoft Visual Studio Solution File, Format Version 12.00
# Visual Studio Version 17
VisualStudioVersion = 17.6.33815.320
MinimumVisualStudioVersion = 10.0.40219.1
Project("{FAE04EC0-301F-11D3-BF4B-00C04F79EFBC}") = "CustomerApp", "CustomerApp\CustomerApp.csproj", "{366C367A-670F-4EEE-9EC3-2F8369CEB53B}"
EndProject
Global
	GlobalSection(SolutionConfigurationPlatforms) = preSolution
		Debug|Any CPU = Debug|Any CPU
		Release|Any CPU = Release|Any CPU
	EndGlobalSection
	GlobalSection(ProjectConfigurationPlatforms) = postSolution
		{366C367A-670F-4EEE-9EC3-2F8369CEB53B}.Debug|Any CPU.ActiveCfg = Debug|Any CPU
		{366C367A-670F-4EEE-9EC3-2F8369CEB53B}.Debug|Any CPU.Build.0 = Debug|Any CPU
		{366C367A-670F-4EEE-9EC3-2F8369CEB53B}.Release|Any CPU.ActiveCfg = Release|Any CPU
		{366C367A-670F-4EEE-9EC3-2F8369CEB53B}.Release|Any CPU.Build.0 = Release|Any CPU
	EndGlobalSection
	GlobalSection(SolutionProperties) = preSolution
		HideSolutionNode = FALSE
	EndGlobalSection
	GlobalSection(ExtensibilityGlobals) = postSolution
		SolutionGuid = {6B3243E5-6B30-4232-814E-38B8F47FBB87}
	EndGlobalSection
EndGlobal
